
Microsoft Visual Studio Solution File, Format Version 12.00
# Visual Studio 15
VisualStudioVersion = 15.0.33423.255
MinimumVisualStudioVersion = 10.0.40219.1
Project("{8BC9CEB8-8B4A-11D0-8D11-00A0C91BC942}") = "HelloCV", "HelloCV\HelloCV.vcxproj", "{092EE5DF-A3B4-46FA-A1DF-CB33F7A2890C}"
	ProjectSection(ProjectDependencies) = postProject
		{A3706A23-2911-44F1-84DE-64BBECE308BE} = {A3706A23-2911-44F1-84DE-64BBECE308BE}
		{3362C462-5BEC-4E9C-A0ED-7495FAB9D757} = {3362C462-5BEC-4E9C-A0ED-7495FAB9D757}
		{16E415BA-C4FB-44CB-85FE-26D0B961FBFA} = {16E415BA-C4FB-44CB-85FE-26D0B961FBFA}
	EndProjectSection
EndProject
Project("{8BC9CEB8-8B4A-11D0-8D11-00A0C91BC942}") = "GraphicsViewer", "GraphicsViewer\GraphicsViewer.vcxproj", "{A3706A23-2911-44F1-84DE-64BBECE308BE}"
EndProject
Project("{8BC9CEB8-8B4A-11D0-8D11-00A0C91BC942}") = "MarginalizeWithCV", "MarginalizeWithCV\MarginalizeWithCV.vcxproj", "{985741E5-0B22-47CE-8549-F6919378771E}"
EndProject
Project("{8BC9CEB8-8B4A-11D0-8D11-00A0C91BC942}") = "ImgCvtWithCV", "ImgCvtWithCV\ImgCvtWithCV.vcxproj", "{1681B14A-52F1-4657-9C80-BF7FD278F897}"
EndProject
Project("{8BC9CEB8-8B4A-11D0-8D11-00A0C91BC942}") = "FilteringWithCV", "FilteringWithCV\FilteringWithCV.vcxproj", "{7E07D9CF-30D5-4DE6-AD36-69BB4DFD1026}"
EndProject
Project("{8BC9CEB8-8B4A-11D0-8D11-00A0C91BC942}") = "HistogramWithCV", "HistogramWithCV\HistogramWithCV.vcxproj", "{FD843E47-A37C-462D-84F1-E4BDBE5164A1}"
EndProject
Project("{8BC9CEB8-8B4A-11D0-8D11-00A0C91BC942}") = "BugDetect", "BugDetect\BugDetect.vcxproj", "{60BD40BB-5BBE-4B77-8AB9-955F4DE420E8}"
EndProject
Project("{8BC9CEB8-8B4A-11D0-8D11-00A0C91BC942}") = "morphologyExWithCV", "morphologyExWithCV\morphologyExWithCV.vcxproj", "{F7B50475-B44C-4C37-9571-8126D45F5DDC}"
EndProject
Project("{2150E333-8FDC-42A3-9474-1A3956D46DE8}") = "GraphicsViewerSupport", "GraphicsViewerSupport", "{8B4A52AC-2CBE-47A7-ADAF-085A5401FA7C}"
EndProject
Project("{8BC9CEB8-8B4A-11D0-8D11-00A0C91BC942}") = "pPolygonItem", "pPolygonItem\pPolygonItem.vcxproj", "{16E415BA-C4FB-44CB-85FE-26D0B961FBFA}"
EndProject
Project("{8BC9CEB8-8B4A-11D0-8D11-00A0C91BC942}") = "pRectItem", "pRectItem\pRectItem.vcxproj", "{3362C462-5BEC-4E9C-A0ED-7495FAB9D757}"
EndProject
Project("{8BC9CEB8-8B4A-11D0-8D11-00A0C91BC942}") = "ImgGrayOut", "ImgGrayOut\ImgGrayOut.vcxproj", "{169B5B1C-28EB-491E-B9BE-E077CF1899C2}"
EndProject
Global
	GlobalSection(SolutionConfigurationPlatforms) = preSolution
		Debug|x64 = Debug|x64
		Release|x64 = Release|x64
	EndGlobalSection
	GlobalSection(ProjectConfigurationPlatforms) = postSolution
		{092EE5DF-A3B4-46FA-A1DF-CB33F7A2890C}.Debug|x64.ActiveCfg = Debug|x64
		{092EE5DF-A3B4-46FA-A1DF-CB33F7A2890C}.Debug|x64.Build.0 = Debug|x64
		{092EE5DF-A3B4-46FA-A1DF-CB33F7A2890C}.Release|x64.ActiveCfg = Release|x64
		{092EE5DF-A3B4-46FA-A1DF-CB33F7A2890C}.Release|x64.Build.0 = Release|x64
		{A3706A23-2911-44F1-84DE-64BBECE308BE}.Debug|x64.ActiveCfg = Debug|x64
		{A3706A23-2911-44F1-84DE-64BBECE308BE}.Debug|x64.Build.0 = Debug|x64
		{A3706A23-2911-44F1-84DE-64BBECE308BE}.Release|x64.ActiveCfg = Release|x64
		{A3706A23-2911-44F1-84DE-64BBECE308BE}.Release|x64.Build.0 = Release|x64
		{985741E5-0B22-47CE-8549-F6919378771E}.Debug|x64.ActiveCfg = Debug|x64
		{985741E5-0B22-47CE-8549-F6919378771E}.Debug|x64.Build.0 = Debug|x64
		{985741E5-0B22-47CE-8549-F6919378771E}.Release|x64.ActiveCfg = Release|x64
		{985741E5-0B22-47CE-8549-F6919378771E}.Release|x64.Build.0 = Release|x64
		{1681B14A-52F1-4657-9C80-BF7FD278F897}.Debug|x64.ActiveCfg = Debug|x64
		{1681B14A-52F1-4657-9C80-BF7FD278F897}.Debug|x64.Build.0 = Debug|x64
		{1681B14A-52F1-4657-9C80-BF7FD278F897}.Release|x64.ActiveCfg = Release|x64
		{1681B14A-52F1-4657-9C80-BF7FD278F897}.Release|x64.Build.0 = Release|x64
		{7E07D9CF-30D5-4DE6-AD36-69BB4DFD1026}.Debug|x64.ActiveCfg = Debug|x64
		{7E07D9CF-30D5-4DE6-AD36-69BB4DFD1026}.Debug|x64.Build.0 = Debug|x64
		{7E07D9CF-30D5-4DE6-AD36-69BB4DFD1026}.Release|x64.ActiveCfg = Release|x64
		{7E07D9CF-30D5-4DE6-AD36-69BB4DFD1026}.Release|x64.Build.0 = Release|x64
		{FD843E47-A37C-462D-84F1-E4BDBE5164A1}.Debug|x64.ActiveCfg = Debug|x64
		{FD843E47-A37C-462D-84F1-E4BDBE5164A1}.Debug|x64.Build.0 = Debug|x64
		{FD843E47-A37C-462D-84F1-E4BDBE5164A1}.Release|x64.ActiveCfg = Release|x64
		{FD843E47-A37C-462D-84F1-E4BDBE5164A1}.Release|x64.Build.0 = Release|x64
		{60BD40BB-5BBE-4B77-8AB9-955F4DE420E8}.Debug|x64.ActiveCfg = Debug|x64
		{60BD40BB-5BBE-4B77-8AB9-955F4DE420E8}.Debug|x64.Build.0 = Debug|x64
		{60BD40BB-5BBE-4B77-8AB9-955F4DE420E8}.Release|x64.ActiveCfg = Release|x64
		{60BD40BB-5BBE-4B77-8AB9-955F4DE420E8}.Release|x64.Build.0 = Release|x64
		{F7B50475-B44C-4C37-9571-8126D45F5DDC}.Debug|x64.ActiveCfg = Debug|x64
		{F7B50475-B44C-4C37-9571-8126D45F5DDC}.Debug|x64.Build.0 = Debug|x64
		{F7B50475-B44C-4C37-9571-8126D45F5DDC}.Release|x64.ActiveCfg = Release|x64
		{F7B50475-B44C-4C37-9571-8126D45F5DDC}.Release|x64.Build.0 = Release|x64
		{16E415BA-C4FB-44CB-85FE-26D0B961FBFA}.Debug|x64.ActiveCfg = Debug|x64
		{16E415BA-C4FB-44CB-85FE-26D0B961FBFA}.Debug|x64.Build.0 = Debug|x64
		{16E415BA-C4FB-44CB-85FE-26D0B961FBFA}.Release|x64.ActiveCfg = Release|x64
		{16E415BA-C4FB-44CB-85FE-26D0B961FBFA}.Release|x64.Build.0 = Release|x64
		{3362C462-5BEC-4E9C-A0ED-7495FAB9D757}.Debug|x64.ActiveCfg = Debug|x64
		{3362C462-5BEC-4E9C-A0ED-7495FAB9D757}.Debug|x64.Build.0 = Debug|x64
		{3362C462-5BEC-4E9C-A0ED-7495FAB9D757}.Release|x64.ActiveCfg = Release|x64
		{3362C462-5BEC-4E9C-A0ED-7495FAB9D757}.Release|x64.Build.0 = Release|x64
		{169B5B1C-28EB-491E-B9BE-E077CF1899C2}.Debug|x64.ActiveCfg = Debug|x64
		{169B5B1C-28EB-491E-B9BE-E077CF1899C2}.Debug|x64.Build.0 = Debug|x64
		{169B5B1C-28EB-491E-B9BE-E077CF1899C2}.Release|x64.ActiveCfg = Release|x64
		{169B5B1C-28EB-491E-B9BE-E077CF1899C2}.Release|x64.Build.0 = Release|x64
	EndGlobalSection
	GlobalSection(SolutionProperties) = preSolution
		HideSolutionNode = FALSE
	EndGlobalSection
	GlobalSection(NestedProjects) = preSolution
		{A3706A23-2911-44F1-84DE-64BBECE308BE} = {8B4A52AC-2CBE-47A7-ADAF-085A5401FA7C}
		{16E415BA-C4FB-44CB-85FE-26D0B961FBFA} = {8B4A52AC-2CBE-47A7-ADAF-085A5401FA7C}
		{3362C462-5BEC-4E9C-A0ED-7495FAB9D757} = {8B4A52AC-2CBE-47A7-ADAF-085A5401FA7C}
	EndGlobalSection
	GlobalSection(ExtensibilityGlobals) = postSolution
		SolutionGuid = {ADECA1F2-A8CE-44B9-B2A0-D0CEB44E0DFC}
	EndGlobalSection
EndGlobal
